
Microsoft Visual Studio Solution File, Format Version 12.00
# Visual Studio Version 17
VisualStudioVersion = 17.5.2.0
MinimumVisualStudioVersion = 10.0.40219.1
Project("{FAE04EC0-301F-11D3-BF4B-00C04F79EFBC}") = "frontend", "frontend\frontend.csproj", "{90CF18BE-437A-4804-9E85-213B3EBFA1C5}"
EndProject
Project("{FAE04EC0-301F-11D3-BF4B-00C04F79EFBC}") = "backend", "backend\backend.csproj", "{EB2A1D0E-DBB5-4890-AF39-B58CDB06A2AD}"
EndProject
Project("{FAE04EC0-301F-11D3-BF4B-00C04F79EFBC}") = "e2eTest", "e2eTest\e2eTest.csproj", "{C05AE06F-7489-41AE-897A-200F502658FC}"
EndProject
Project("{FAE04EC0-301F-11D3-BF4B-00C04F79EFBC}") = "frontentUnitTest", "frontentUnitTest\frontentUnitTest.csproj", "{38C2DCFC-F259-4B78-BBAD-5E17FEA4BAF0}"
EndProject
Project("{FAE04EC0-301F-11D3-BF4B-00C04F79EFBC}") = "lib", "lib\lib.csproj", "{1844FFDE-03F5-42DE-A92D-5A2DCD28290D}"
EndProject
Project("{FAE04EC0-301F-11D3-BF4B-00C04F79EFBC}") = "libUnitTest", "libUnitTest\libUnitTest.csproj", "{22B54FC2-0847-4A03-BD28-9405F44C6A8F}"
EndProject
Project("{FAE04EC0-301F-11D3-BF4B-00C04F79EFBC}") = "backendTest", "backendTest\backendTest.csproj", "{5E840FAB-5BF8-4EDF-B257-208678ABE883}"
EndProject
Global
	GlobalSection(SolutionConfigurationPlatforms) = preSolution
		Debug|Any CPU = Debug|Any CPU
		Debug|x64 = Debug|x64
		Debug|x86 = Debug|x86
		Release|Any CPU = Release|Any CPU
		Release|x64 = Release|x64
		Release|x86 = Release|x86
	EndGlobalSection
	GlobalSection(ProjectConfigurationPlatforms) = postSolution
		{90CF18BE-437A-4804-9E85-213B3EBFA1C5}.Debug|Any CPU.ActiveCfg = Debug|Any CPU
		{90CF18BE-437A-4804-9E85-213B3EBFA1C5}.Debug|Any CPU.Build.0 = Debug|Any CPU
		{90CF18BE-437A-4804-9E85-213B3EBFA1C5}.Debug|x64.ActiveCfg = Debug|Any CPU
		{90CF18BE-437A-4804-9E85-213B3EBFA1C5}.Debug|x64.Build.0 = Debug|Any CPU
		{90CF18BE-437A-4804-9E85-213B3EBFA1C5}.Debug|x86.ActiveCfg = Debug|Any CPU
		{90CF18BE-437A-4804-9E85-213B3EBFA1C5}.Debug|x86.Build.0 = Debug|Any CPU
		{90CF18BE-437A-4804-9E85-213B3EBFA1C5}.Release|Any CPU.ActiveCfg = Release|Any CPU
		{90CF18BE-437A-4804-9E85-213B3EBFA1C5}.Release|Any CPU.Build.0 = Release|Any CPU
		{90CF18BE-437A-4804-9E85-213B3EBFA1C5}.Release|x64.ActiveCfg = Release|Any CPU
		{90CF18BE-437A-4804-9E85-213B3EBFA1C5}.Release|x64.Build.0 = Release|Any CPU
		{90CF18BE-437A-4804-9E85-213B3EBFA1C5}.Release|x86.ActiveCfg = Release|Any CPU
		{90CF18BE-437A-4804-9E85-213B3EBFA1C5}.Release|x86.Build.0 = Release|Any CPU
		{EB2A1D0E-DBB5-4890-AF39-B58CDB06A2AD}.Debug|Any CPU.ActiveCfg = Debug|Any CPU
		{EB2A1D0E-DBB5-4890-AF39-B58CDB06A2AD}.Debug|Any CPU.Build.0 = Debug|Any CPU
		{EB2A1D0E-DBB5-4890-AF39-B58CDB06A2AD}.Debug|x64.ActiveCfg = Debug|Any CPU
		{EB2A1D0E-DBB5-4890-AF39-B58CDB06A2AD}.Debug|x64.Build.0 = Debug|Any CPU
		{EB2A1D0E-DBB5-4890-AF39-B58CDB06A2AD}.Debug|x86.ActiveCfg = Debug|Any CPU
		{EB2A1D0E-DBB5-4890-AF39-B58CDB06A2AD}.Debug|x86.Build.0 = Debug|Any CPU
		{EB2A1D0E-DBB5-4890-AF39-B58CDB06A2AD}.Release|Any CPU.ActiveCfg = Release|Any CPU
		{EB2A1D0E-DBB5-4890-AF39-B58CDB06A2AD}.Release|Any CPU.Build.0 = Release|Any CPU
		{EB2A1D0E-DBB5-4890-AF39-B58CDB06A2AD}.Release|x64.ActiveCfg = Release|Any CPU
		{EB2A1D0E-DBB5-4890-AF39-B58CDB06A2AD}.Release|x64.Build.0 = Release|Any CPU
		{EB2A1D0E-DBB5-4890-AF39-B58CDB06A2AD}.Release|x86.ActiveCfg = Release|Any CPU
		{EB2A1D0E-DBB5-4890-AF39-B58CDB06A2AD}.Release|x86.Build.0 = Release|Any CPU
		{C05AE06F-7489-41AE-897A-200F502658FC}.Debug|Any CPU.ActiveCfg = Debug|Any CPU
		{C05AE06F-7489-41AE-897A-200F502658FC}.Debug|Any CPU.Build.0 = Debug|Any CPU
		{C05AE06F-7489-41AE-897A-200F502658FC}.Debug|x64.ActiveCfg = Debug|Any CPU
		{C05AE06F-7489-41AE-897A-200F502658FC}.Debug|x64.Build.0 = Debug|Any CPU
		{C05AE06F-7489-41AE-897A-200F502658FC}.Debug|x86.ActiveCfg = Debug|Any CPU
		{C05AE06F-7489-41AE-897A-200F502658FC}.Debug|x86.Build.0 = Debug|Any CPU
		{C05AE06F-7489-41AE-897A-200F502658FC}.Release|Any CPU.ActiveCfg = Release|Any CPU
		{C05AE06F-7489-41AE-897A-200F502658FC}.Release|Any CPU.Build.0 = Release|Any CPU
		{C05AE06F-7489-41AE-897A-200F502658FC}.Release|x64.ActiveCfg = Release|Any CPU
		{C05AE06F-7489-41AE-897A-200F502658FC}.Release|x64.Build.0 = Release|Any CPU
		{C05AE06F-7489-41AE-897A-200F502658FC}.Release|x86.ActiveCfg = Release|Any CPU
		{C05AE06F-7489-41AE-897A-200F502658FC}.Release|x86.Build.0 = Release|Any CPU
		{38C2DCFC-F259-4B78-BBAD-5E17FEA4BAF0}.Debug|Any CPU.ActiveCfg = Debug|Any CPU
		{38C2DCFC-F259-4B78-BBAD-5E17FEA4BAF0}.Debug|Any CPU.Build.0 = Debug|Any CPU
		{38C2DCFC-F259-4B78-BBAD-5E17FEA4BAF0}.Debug|x64.ActiveCfg = Debug|Any CPU
		{38C2DCFC-F259-4B78-BBAD-5E17FEA4BAF0}.Debug|x64.Build.0 = Debug|Any CPU
		{38C2DCFC-F259-4B78-BBAD-5E17FEA4BAF0}.Debug|x86.ActiveCfg = Debug|Any CPU
		{38C2DCFC-F259-4B78-BBAD-5E17FEA4BAF0}.Debug|x86.Build.0 = Debug|Any CPU
		{38C2DCFC-F259-4B78-BBAD-5E17FEA4BAF0}.Release|Any CPU.ActiveCfg = Release|Any CPU
		{38C2DCFC-F259-4B78-BBAD-5E17FEA4BAF0}.Release|Any CPU.Build.0 = Release|Any CPU
		{38C2DCFC-F259-4B78-BBAD-5E17FEA4BAF0}.Release|x64.ActiveCfg = Release|Any CPU
		{38C2DCFC-F259-4B78-BBAD-5E17FEA4BAF0}.Release|x64.Build.0 = Release|Any CPU
		{38C2DCFC-F259-4B78-BBAD-5E17FEA4BAF0}.Release|x86.ActiveCfg = Release|Any CPU
		{38C2DCFC-F259-4B78-BBAD-5E17FEA4BAF0}.Release|x86.Build.0 = Release|Any CPU
		{1844FFDE-03F5-42DE-A92D-5A2DCD28290D}.Debug|Any CPU.ActiveCfg = Debug|Any CPU
		{1844FFDE-03F5-42DE-A92D-5A2DCD28290D}.Debug|Any CPU.Build.0 = Debug|Any CPU
		{1844FFDE-03F5-42DE-A92D-5A2DCD28290D}.Debug|x64.ActiveCfg = Debug|Any CPU
		{1844FFDE-03F5-42DE-A92D-5A2DCD28290D}.Debug|x64.Build.0 = Debug|Any CPU
		{1844FFDE-03F5-42DE-A92D-5A2DCD28290D}.Debug|x86.ActiveCfg = Debug|Any CPU
		{1844FFDE-03F5-42DE-A92D-5A2DCD28290D}.Debug|x86.Build.0 = Debug|Any CPU
		{1844FFDE-03F5-42DE-A92D-5A2DCD28290D}.Release|Any CPU.ActiveCfg = Release|Any CPU
		{1844FFDE-03F5-42DE-A92D-5A2DCD28290D}.Release|Any CPU.Build.0 = Release|Any CPU
		{1844FFDE-03F5-42DE-A92D-5A2DCD28290D}.Release|x64.ActiveCfg = Release|Any CPU
		{1844FFDE-03F5-42DE-A92D-5A2DCD28290D}.Release|x64.Build.0 = Release|Any CPU
		{1844FFDE-03F5-42DE-A92D-5A2DCD28290D}.Release|x86.ActiveCfg = Release|Any CPU
		{1844FFDE-03F5-42DE-A92D-5A2DCD28290D}.Release|x86.Build.0 = Release|Any CPU
		{22B54FC2-0847-4A03-BD28-9405F44C6A8F}.Debug|Any CPU.ActiveCfg = Debug|Any CPU
		{22B54FC2-0847-4A03-BD28-9405F44C6A8F}.Debug|Any CPU.Build.0 = Debug|Any CPU
		{22B54FC2-0847-4A03-BD28-9405F44C6A8F}.Debug|x64.ActiveCfg = Debug|Any CPU
		{22B54FC2-0847-4A03-BD28-9405F44C6A8F}.Debug|x64.Build.0 = Debug|Any CPU
		{22B54FC2-0847-4A03-BD28-9405F44C6A8F}.Debug|x86.ActiveCfg = Debug|Any CPU
		{22B54FC2-0847-4A03-BD28-9405F44C6A8F}.Debug|x86.Build.0 = Debug|Any CPU
		{22B54FC2-0847-4A03-BD28-9405F44C6A8F}.Release|Any CPU.ActiveCfg = Release|Any CPU
		{22B54FC2-0847-4A03-BD28-9405F44C6A8F}.Release|Any CPU.Build.0 = Release|Any CPU
		{22B54FC2-0847-4A03-BD28-9405F44C6A8F}.Release|x64.ActiveCfg = Release|Any CPU
		{22B54FC2-0847-4A03-BD28-9405F44C6A8F}.Release|x64.Build.0 = Release|Any CPU
		{22B54FC2-0847-4A03-BD28-9405F44C6A8F}.Release|x86.ActiveCfg = Release|Any CPU
		{22B54FC2-0847-4A03-BD28-9405F44C6A8F}.Release|x86.Build.0 = Release|Any CPU
		{5E840FAB-5BF8-4EDF-B257-208678ABE883}.Debug|Any CPU.ActiveCfg = Debug|Any CPU
		{5E840FAB-5BF8-4EDF-B257-208678ABE883}.Debug|Any CPU.Build.0 = Debug|Any CPU
		{5E840FAB-5BF8-4EDF-B257-208678ABE883}.Debug|x64.ActiveCfg = Debug|Any CPU
		{5E840FAB-5BF8-4EDF-B257-208678ABE883}.Debug|x64.Build.0 = Debug|Any CPU
		{5E840FAB-5BF8-4EDF-B257-208678ABE883}.Debug|x86.ActiveCfg = Debug|Any CPU
		{5E840FAB-5BF8-4EDF-B257-208678ABE883}.Debug|x86.Build.0 = Debug|Any CPU
		{5E840FAB-5BF8-4EDF-B257-208678ABE883}.Release|Any CPU.ActiveCfg = Release|Any CPU
		{5E840FAB-5BF8-4EDF-B257-208678ABE883}.Release|Any CPU.Build.0 = Release|Any CPU
		{5E840FAB-5BF8-4EDF-B257-208678ABE883}.Release|x64.ActiveCfg = Release|Any CPU
		{5E840FAB-5BF8-4EDF-B257-208678ABE883}.Release|x64.Build.0 = Release|Any CPU
		{5E840FAB-5BF8-4EDF-B257-208678ABE883}.Release|x86.ActiveCfg = Release|Any CPU
		{5E840FAB-5BF8-4EDF-B257-208678ABE883}.Release|x86.Build.0 = Release|Any CPU
	EndGlobalSection
	GlobalSection(SolutionProperties) = preSolution
		HideSolutionNode = FALSE
	EndGlobalSection
	GlobalSection(ExtensibilityGlobals) = postSolution
		SolutionGuid = {ABA360C3-1725-4BD0-8BD0-6EB839EBAE39}
	EndGlobalSection
EndGlobal
